
Microsoft Visual Studio Solution File, Format Version 12.00
# Visual Studio 15
VisualStudioVersion = 15.0.27130.2010
MinimumVisualStudioVersion = 10.0.40219.1
Project("{159641D6-6404-4A2A-AE62-294DE0FE8301}") = "PlatformComponents", "PlatformComponents.dtproj", "{EF98EE13-3E75-45CD-9AE8-0355A92E8853}"
EndProject
Global
	GlobalSection(SolutionConfigurationPlatforms) = preSolution
		Development|Default = Development|Default
	EndGlobalSection
	GlobalSection(ProjectConfigurationPlatforms) = postSolution
		{EF98EE13-3E75-45CD-9AE8-0355A92E8853}.Development|Default.ActiveCfg = Development
		{EF98EE13-3E75-45CD-9AE8-0355A92E8853}.Development|Default.Build.0 = Development
	EndGlobalSection
	GlobalSection(SolutionProperties) = preSolution
		HideSolutionNode = FALSE
	EndGlobalSection
	GlobalSection(ExtensibilityGlobals) = postSolution
		SolutionGuid = {A8A2A89D-1B27-452A-B9BF-E5EC833F6CBD}
	EndGlobalSection
	GlobalSection(TeamFoundationVersionControl) = preSolution
		SccNumberOfProjects = 1
		SccEnterpriseProvider = {4CA58AB2-18FA-4F8D-95D4-32DDF27D184C}
		SccTeamFoundationServer = http://tfs.nl.deloitte.com/tfs/engine
		SccProjectUniqueName0 = PlatformComponents.dtproj
		SccProjectName0 = .
		SccAuxPath0 = http://tfs.nl.deloitte.com/tfs/engine
		SccLocalPath0 = .
		SccProvider0 = {4CA58AB2-18FA-4F8D-95D4-32DDF27D184C}
	EndGlobalSection
EndGlobal
